PODS:
  - Alamofire (4.5.1)
  - AlamofireRSSParser (2.0.1):
    - Alamofire
  - DateToolsSwift (2.0.3)
  - FAPanels (0.3.5)
  - R.swift (4.0.0):
    - R.swift.Library (~> 4.0.0)
  - R.swift.Library (4.0.0)
  - SDWebImage (4.1.2):
    - SDWebImage/Core (= 4.1.2)
  - SDWebImage/Core (4.1.2)

DEPENDENCIES:
  - Alamofire
  - AlamofireRSSParser
  - DateToolsSwift
  - FAPanels
  - R.swift
  - SDWebImage

SPEC CHECKSUMS:
  Alamofire: 2d95912bf4c34f164fdfc335872e8c312acaea4a
  AlamofireRSSParser: 86243cd156b94b9d97d8f915fa44a0f15bd1bfb7
  DateToolsSwift: bf69bf9056d9e53c5c03f06e51f219b9b8b02f9e
  FAPanels: 4994ce52d2d54a4de5eea2cc0cefc068969d8cef
  R.swift: d6a5ec2f55a8441dc0ed9f1f8b37d7d11ae85c66
  R.swift.Library: c3af34921024333546e23b70e70d0b4e0cffca75
  SDWebImage: cb6f9f266a9977741efcbc21e618e8be3734c774

PODFILE CHECKSUM: 3c5d04ed0dac95042b4d5e77d555222a7973b234

COCOAPODS: 1.3.1
